// !$*UTF8*$!
{
	archiveVersion = 1;
	classes = {
	};
	objectVersion = 56;
	objects = {

/* Begin PBXBuildFile section */
		FC11653F299B527000FE2FAF /* CoreData.xcdatamodeld in Sources */ = {isa = PBXBuildFile; fileRef = FC11653D299B527000FE2FAF /* CoreData.xcdatamodeld */; };
		FC116548299B556600FE2FAF /* Utilities.swift in Sources */ = {isa = PBXBuildFile; fileRef = FC116547299B556600FE2FAF /* Utilities.swift */; };
		FCB1BEFC29946D28000EDF28 /* AppDelegate.swift in Sources */ = {isa = PBXBuildFile; fileRef = FCB1BEFB29946D28000EDF28 /* AppDelegate.swift */; };
		FCB1BEFE29946D28000EDF28 /* ContentView.swift in Sources */ = {isa = PBXBuildFile; fileRef = FCB1BEFD29946D28000EDF28 /* ContentView.swift */; };
		FCB1BF0029946D28000EDF28 /* Experience.rcproject in Sources */ = {isa = PBXBuildFile; fileRef = FCB1BEFF29946D28000EDF28 /* Experience.rcproject */; };
		FCB1BF0229946D2A000EDF28 /* Assets.xcassets in Resources */ = {isa = PBXBuildFile; fileRef = FCB1BF0129946D2A000EDF28 /* Assets.xcassets */; };
		FCB1BF0529946D2A000EDF28 /* Preview Assets.xcassets in Resources */ = {isa = PBXBuildFile; fileRef = FCB1BF0429946D2A000EDF28 /* Preview Assets.xcassets */; };
		FCB1BF0C29946DCB000EDF28 /* cup_saucer_set.usdz in Resources */ = {isa = PBXBuildFile; fileRef = FCB1BF0B29946DCB000EDF28 /* cup_saucer_set.usdz */; };
		FCB1BF1229947476000EDF28 /* ARViewController.swift in Sources */ = {isa = PBXBuildFile; fileRef = FCB1BF1129947476000EDF28 /* ARViewController.swift */; };
		FCB1BF1429947542000EDF28 /* Main.storyboard in Resources */ = {isa = PBXBuildFile; fileRef = FCB1BF1329947542000EDF28 /* Main.storyboard */; };
		FCB1BF16299477E7000EDF28 /* toy_drummer.usdz in Resources */ = {isa = PBXBuildFile; fileRef = FCB1BF15299477E7000EDF28 /* toy_drummer.usdz */; };
/* End PBXBuildFile section */

/* Begin PBXFileReference section */
		FC11653E299B527000FE2FAF /* CoreData.xcdatamodel */ = {isa = PBXFileReference; lastKnownFileType = wrapper.xcdatamodel; path = CoreData.xcdatamodel; sourceTree = "<group>"; };
		FC116547299B556600FE2FAF /* Utilities.swift */ = {isa = PBXFileReference; fileEncoding = 4; lastKnownFileType = sourcecode.swift; path = Utilities.swift; sourceTree = "<group>"; };
		FCB1BEF829946D28000EDF28 /* ARPersistencySwiftUI.app */ = {isa = PBXFileReference; explicitFileType = wrapper.application; includeInIndex = 0; path = ARPersistencySwiftUI.app; sourceTree = BUILT_PRODUCTS_DIR; };
		FCB1BEFB29946D28000EDF28 /* AppDelegate.swift */ = {isa = PBXFileReference; lastKnownFileType = sourcecode.swift; path = AppDelegate.swift; sourceTree = "<group>"; };
		FCB1BEFD29946D28000EDF28 /* ContentView.swift */ = {isa = PBXFileReference; lastKnownFileType = sourcecode.swift; path = ContentView.swift; sourceTree = "<group>"; };
		FCB1BEFF29946D28000EDF28 /* Experience.rcproject */ = {isa = PBXFileReference; lastKnownFileType = file.rcproject; path = Experience.rcproject; sourceTree = "<group>"; };
		FCB1BF0129946D2A000EDF28 /* Assets.xcassets */ = {isa = PBXFileReference; lastKnownFileType = folder.assetcatalog; path = Assets.xcassets; sourceTree = "<group>"; };
		FCB1BF0429946D2A000EDF28 /* Preview Assets.xcassets */ = {isa = PBXFileReference; lastKnownFileType = folder.assetcatalog; path = "Preview Assets.xcassets"; sourceTree = "<group>"; };
		FCB1BF0B29946DCB000EDF28 /* cup_saucer_set.usdz */ = {isa = PBXFileReference; lastKnownFileType = file.usdz; path = cup_saucer_set.usdz; sourceTree = "<group>"; };
		FCB1BF1129947476000EDF28 /* ARViewController.swift */ = {isa = PBXFileReference; lastKnownFileType = sourcecode.swift; path = ARViewController.swift; sourceTree = "<group>"; };
		FCB1BF1329947542000EDF28 /* Main.storyboard */ = {isa = PBXFileReference; lastKnownFileType = file.storyboard; path = Main.storyboard; sourceTree = "<group>"; };
		FCB1BF15299477E7000EDF28 /* toy_drummer.usdz */ = {isa = PBXFileReference; lastKnownFileType = file.usdz; path = toy_drummer.usdz; sourceTree = "<group>"; };
/* End PBXFileReference section */

/* Begin PBXFrameworksBuildPhase section */
		FCB1BEF529946D28000EDF28 /* Frameworks */ = {
			isa = PBXFrameworksBuildPhase;
			buildActionMask = 2147483647;
			files = (
			);
			runOnlyForDeploymentPostprocessing = 0;
		};
/* End PBXFrameworksBuildPhase section */

/* Begin PBXGroup section */
		FCB1BEEF29946D28000EDF28 = {
			isa = PBXGroup;
			children = (
				FCB1BEFA29946D28000EDF28 /* ARPersistencySwiftUI */,
				FCB1BEF929946D28000EDF28 /* Products */,
			);
			sourceTree = "<group>";
		};
		FCB1BEF929946D28000EDF28 /* Products */ = {
			isa = PBXGroup;
			children = (
				FCB1BEF829946D28000EDF28 /* ARPersistencySwiftUI.app */,
			);
			name = Products;
			sourceTree = "<group>";
		};
		FCB1BEFA29946D28000EDF28 /* ARPersistencySwiftUI */ = {
			isa = PBXGroup;
			children = (
				FCB1BF0D299473DA000EDF28 /* Storyboards */,
				FCB1BF0E299473E6000EDF28 /* ViewControllers */,
				FCB1BEFB29946D28000EDF28 /* AppDelegate.swift */,
				FCB1BEFD29946D28000EDF28 /* ContentView.swift */,
				FCB1BEFF29946D28000EDF28 /* Experience.rcproject */,
				FCB1BF0B29946DCB000EDF28 /* cup_saucer_set.usdz */,
				FCB1BF15299477E7000EDF28 /* toy_drummer.usdz */,
				FCB1BF0129946D2A000EDF28 /* Assets.xcassets */,
				FC11653D299B527000FE2FAF /* CoreData.xcdatamodeld */,
				FCB1BF0329946D2A000EDF28 /* Preview Content */,
			);
			path = ARPersistencySwiftUI;
			sourceTree = "<group>";
		};
		FCB1BF0329946D2A000EDF28 /* Preview Content */ = {
			isa = PBXGroup;
			children = (
				FCB1BF0429946D2A000EDF28 /* Preview Assets.xcassets */,
			);
			path = "Preview Content";
			sourceTree = "<group>";
		};
		FCB1BF0D299473DA000EDF28 /* Storyboards */ = {
			isa = PBXGroup;
			children = (
				FCB1BF1329947542000EDF28 /* Main.storyboard */,
			);
			path = Storyboards;
			sourceTree = "<group>";
		};
		FCB1BF0E299473E6000EDF28 /* ViewControllers */ = {
			isa = PBXGroup;
			children = (
				FCB1BF1129947476000EDF28 /* ARViewController.swift */,
				FC116547299B556600FE2FAF /* Utilities.swift */,
			);
			path = ViewControllers;
			sourceTree = "<group>";
		};
/* End PBXGroup section */

/* Begin PBXNativeTarget section */
		FCB1BEF729946D28000EDF28 /* ARPersistencySwiftUI */ = {
			isa = PBXNativeTarget;
			buildConfigurationList = FCB1BF0829946D2A000EDF28 /* Build configuration list for PBXNativeTarget "ARPersistencySwiftUI" */;
			buildPhases = (
				FCB1BEF429946D28000EDF28 /* Sources */,
				FCB1BEF529946D28000EDF28 /* Frameworks */,
				FCB1BEF629946D28000EDF28 /* Resources */,
			);
			buildRules = (
			);
			dependencies = (
			);
			name = ARPersistencySwiftUI;
			productName = ARPersistencySwiftUI;
			productReference = FCB1BEF829946D28000EDF28 /* ARPersistencySwiftUI.app */;
			productType = "com.apple.product-type.application";
		};
/* End PBXNativeTarget section */

/* Begin PBXProject section */
		FCB1BEF029946D28000EDF28 /* Project object */ = {
			isa = PBXProject;
			attributes = {
				BuildIndependentTargetsInParallel = 1;
				LastSwiftUpdateCheck = 1420;
				LastUpgradeCheck = 1420;
				TargetAttributes = {
					FCB1BEF729946D28000EDF28 = {
						CreatedOnToolsVersion = 14.2;
					};
				};
			};
			buildConfigurationList = FCB1BEF329946D28000EDF28 /* Build configuration list for PBXProject "ARPersistencySwiftUI" */;
			compatibilityVersion = "Xcode 14.0";
			developmentRegion = en;
			hasScannedForEncodings = 0;
			knownRegions = (
				en,
				Base,
			);
			mainGroup = FCB1BEEF29946D28000EDF28;
			productRefGroup = FCB1BEF929946D28000EDF28 /* Products */;
			projectDirPath = "";
			projectRoot = "";
			targets = (
				FCB1BEF729946D28000EDF28 /* ARPersistencySwiftUI */,
			);
		};
/* End PBXProject section */

/* Begin PBXResourcesBuildPhase section */
		FCB1BEF629946D28000EDF28 /* Resources */ = {
			isa = PBXResourcesBuildPhase;
			buildActionMask = 2147483647;
			files = (
				FCB1BF0529946D2A000EDF28 /* Preview Assets.xcassets in Resources */,
				FCB1BF0229946D2A000EDF28 /* Assets.xcassets in Resources */,
				FCB1BF0C29946DCB000EDF28 /* cup_saucer_set.usdz in Resources */,
				FCB1BF1429947542000EDF28 /* Main.storyboard in Resources */,
				FCB1BF16299477E7000EDF28 /* toy_drummer.usdz in Resources */,
			);
			runOnlyForDeploymentPostprocessing = 0;
		};
/* End PBXResourcesBuildPhase section */

/* Begin PBXSourcesBuildPhase section */
		FCB1BEF429946D28000EDF28 /* Sources */ = {
			isa = PBXSourcesBuildPhase;
			buildActionMask = 2147483647;
			files = (
				FCB1BEFE29946D28000EDF28 /* ContentView.swift in Sources */,
				FC116548299B556600FE2FAF /* Utilities.swift in Sources */,
				FCB1BEFC29946D28000EDF28 /* AppDelegate.swift in Sources */,
				FC11653F299B527000FE2FAF /* CoreData.xcdatamodeld in Sources */,
				FCB1BF0029946D28000EDF28 /* Experience.rcproject in Sources */,
				FCB1BF1229947476000EDF28 /* ARViewController.swift in Sources */,
			);
			runOnlyForDeploymentPostprocessing = 0;
		};
/* End PBXSourcesBuildPhase section */

/* Begin XCBuildConfiguration section */
		FCB1BF0629946D2A000EDF28 /* Debug */ = {
			isa = XCBuildConfiguration;
			buildSettings = {
				ALWAYS_SEARCH_USER_PATHS = NO;
				CLANG_ANALYZER_NONNULL = YES;
				CLANG_ANALYZER_NUMBER_OBJECT_CONVERSION = YES_AGGRESSIVE;
				CLANG_CXX_LANGUAGE_STANDARD = "gnu++20";
				CLANG_ENABLE_MODULES = YES;
				CLANG_ENABLE_OBJC_ARC = YES;
				CLANG_ENABLE_OBJC_WEAK = YES;
				CLANG_WARN_BLOCK_CAPTURE_AUTORELEASING = YES;
				CLANG_WARN_BOOL_CONVERSION = YES;
				CLANG_WARN_COMMA = YES;
				CLANG_WARN_CONSTANT_CONVERSION = YES;
				CLANG_WARN_DEPRECATED_OBJC_IMPLEMENTATIONS = YES;
				CLANG_WARN_DIRECT_OBJC_ISA_USAGE = YES_ERROR;
				CLANG_WARN_DOCUMENTATION_COMMENTS = YES;
				CLANG_WARN_EMPTY_BODY = YES;
				CLANG_WARN_ENUM_CONVERSION = YES;
				CLANG_WARN_INFINITE_RECURSION = YES;
				CLANG_WARN_INT_CONVERSION = YES;
				CLANG_WARN_NON_LITERAL_NULL_CONVERSION = YES;
				CLANG_WARN_OBJC_IMPLICIT_RETAIN_SELF = YES;
				CLANG_WARN_OBJC_LITERAL_CONVERSION = YES;
				CLANG_WARN_OBJC_ROOT_CLASS = YES_ERROR;
				CLANG_WARN_QUOTED_INCLUDE_IN_FRAMEWORK_HEADER = YES;
				CLANG_WARN_RANGE_LOOP_ANALYSIS = YES;
				CLANG_WARN_STRICT_PROTOTYPES = YES;
				CLANG_WARN_SUSPICIOUS_MOVE = YES;
				CLANG_WARN_UNGUARDED_AVAILABILITY = YES_AGGRESSIVE;
				CLANG_WARN_UNREACHABLE_CODE = YES;
				CLANG_WARN__DUPLICATE_METHOD_MATCH = YES;
				COPY_PHASE_STRIP = NO;
				DEBUG_INFORMATION_FORMAT = dwarf;
				ENABLE_STRICT_OBJC_MSGSEND = YES;
				ENABLE_TESTABILITY = YES;
				GCC_C_LANGUAGE_STANDARD = gnu11;
				GCC_DYNAMIC_NO_PIC = NO;
				GCC_NO_COMMON_BLOCKS = YES;
				GCC_OPTIMIZATION_LEVEL = 0;
				GCC_PREPROCESSOR_DEFINITIONS = (
					"DEBUG=1",
					"$(inherited)",
				);
				GCC_WARN_64_TO_32_BIT_CONVERSION = YES;
				GCC_WARN_ABOUT_RETURN_TYPE = YES_ERROR;
				GCC_WARN_UNDECLARED_SELECTOR = YES;
				GCC_WARN_UNINITIALIZED_AUTOS = YES_AGGRESSIVE;
				GCC_WARN_UNUSED_FUNCTION = YES;
				GCC_WARN_UNUSED_VARIABLE = YES;
				IPHONEOS_DEPLOYMENT_TARGET = 16.2;
				MTL_ENABLE_DEBUG_INFO = INCLUDE_SOURCE;
				MTL_FAST_MATH = YES;
				ONLY_ACTIVE_ARCH = YES;
				SDKROOT = iphoneos;
				SWIFT_ACTIVE_COMPILATION_CONDITIONS = DEBUG;
				SWIFT_OPTIMIZATION_LEVEL = "-Onone";
			};
			name = Debug;
		};
		FCB1BF0729946D2A000EDF28 /* Release */ = {
			isa = XCBuildConfiguration;
			buildSettings = {
				ALWAYS_SEARCH_USER_PATHS = NO;
				CLANG_ANALYZER_NONNULL = YES;
				CLANG_ANALYZER_NUMBER_OBJECT_CONVERSION = YES_AGGRESSIVE;
				CLANG_CXX_LANGUAGE_STANDARD = "gnu++20";
				CLANG_ENABLE_MODULES = YES;
				CLANG_ENABLE_OBJC_ARC = YES;
				CLANG_ENABLE_OBJC_WEAK = YES;
				CLANG_WARN_BLOCK_CAPTURE_AUTORELEASING = YES;
				CLANG_WARN_BOOL_CONVERSION = YES;
				CLANG_WARN_COMMA = YES;
				CLANG_WARN_CONSTANT_CONVERSION = YES;
				CLANG_WARN_DEPRECATED_OBJC_IMPLEMENTATIONS = YES;
				CLANG_WARN_DIRECT_OBJC_ISA_USAGE = YES_ERROR;
				CLANG_WARN_DOCUMENTATION_COMMENTS = YES;
				CLANG_WARN_EMPTY_BODY = YES;
				CLANG_WARN_ENUM_CONVERSION = YES;
				CLANG_WARN_INFINITE_RECURSION = YES;
				CLANG_WARN_INT_CONVERSION = YES;
				CLANG_WARN_NON_LITERAL_NULL_CONVERSION = YES;
				CLANG_WARN_OBJC_IMPLICIT_RETAIN_SELF = YES;
				CLANG_WARN_OBJC_LITERAL_CONVERSION = YES;
				CLANG_WARN_OBJC_ROOT_CLASS = YES_ERROR;
				CLANG_WARN_QUOTED_INCLUDE_IN_FRAMEWORK_HEADER = YES;
				CLANG_WARN_RANGE_LOOP_ANALYSIS = YES;
				CLANG_WARN_STRICT_PROTOTYPES = YES;
				CLANG_WARN_SUSPICIOUS_MOVE = YES;
				CLANG_WARN_UNGUARDED_AVAILABILITY = YES_AGGRESSIVE;
				CLANG_WARN_UNREACHABLE_CODE = YES;
				CLANG_WARN__DUPLICATE_METHOD_MATCH = YES;
				COPY_PHASE_STRIP = NO;
				DEBUG_INFORMATION_FORMAT = "dwarf-with-dsym";
				ENABLE_NS_ASSERTIONS = NO;
				ENABLE_STRICT_OBJC_MSGSEND = YES;
				GCC_C_LANGUAGE_STANDARD = gnu11;
				GCC_NO_COMMON_BLOCKS = YES;
				GCC_WARN_64_TO_32_BIT_CONVERSION = YES;
				GCC_WARN_ABOUT_RETURN_TYPE = YES_ERROR;
				GCC_WARN_UNDECLARED_SELECTOR = YES;
				GCC_WARN_UNINITIALIZED_AUTOS = YES_AGGRESSIVE;
				GCC_WARN_UNUSED_FUNCTION = YES;
				GCC_WARN_UNUSED_VARIABLE = YES;
				IPHONEOS_DEPLOYMENT_TARGET = 16.2;
				MTL_ENABLE_DEBUG_INFO = NO;
				MTL_FAST_MATH = YES;
				SDKROOT = iphoneos;
				SWIFT_COMPILATION_MODE = wholemodule;
				SWIFT_OPTIMIZATION_LEVEL = "-O";
				VALIDATE_PRODUCT = YES;
			};
			name = Release;
		};
		FCB1BF0929946D2A000EDF28 /* Debug */ = {
			isa = XCBuildConfiguration;
			buildSettings = {
				ASSETCATALOG_COMPILER_APPICON_NAME = AppIcon;
				ASSETCATALOG_COMPILER_GLOBAL_ACCENT_COLOR_NAME = AccentColor;
				CODE_SIGN_STYLE = Automatic;
				CURRENT_PROJECT_VERSION = 1;
				DEVELOPMENT_ASSET_PATHS = "\"ARPersistencySwiftUI/Preview Content\"";
				DEVELOPMENT_TEAM = 24H428V334;
				ENABLE_PREVIEWS = YES;
				GENERATE_INFOPLIST_FILE = YES;
				INFOPLIST_KEY_NSCameraUsageDescription = "";
				INFOPLIST_KEY_UIApplicationSupportsIndirectInputEvents = YES;
				INFOPLIST_KEY_UILaunchScreen_Generation = YES;
				INFOPLIST_KEY_UIRequiredDeviceCapabilities = arkit;
				INFOPLIST_KEY_UIStatusBarHidden = YES;
				INFOPLIST_KEY_UISupportedInterfaceOrientations = "UIInterfaceOrientationLandscapeLeft UIInterfaceOrientationLandscapeRight UIInterfaceOrientationPortrait UIInterfaceOrientationPortraitUpsideDown";
				LD_RUNPATH_SEARCH_PATHS = (
					"$(inherited)",
					"@executable_path/Frameworks",
				);
				MARKETING_VERSION = 1.0;
				PRODUCT_BUNDLE_IDENTIFIER = com.josecastillo.ARPersistencySwiftUI;
				PRODUCT_NAME = "$(TARGET_NAME)";
				SWIFT_EMIT_LOC_STRINGS = YES;
				SWIFT_VERSION = 5.0;
				TARGETED_DEVICE_FAMILY = "1,2";
			};
			name = Debug;
		};
		FCB1BF0A29946D2A000EDF28 /* Release */ = {
			isa = XCBuildConfiguration;
			buildSettings = {
				ASSETCATALOG_COMPILER_APPICON_NAME = AppIcon;
				ASSETCATALOG_COMPILER_GLOBAL_ACCENT_COLOR_NAME = AccentColor;
				CODE_SIGN_STYLE = Automatic;
				CURRENT_PROJECT_VERSION = 1;
				DEVELOPMENT_ASSET_PATHS = "\"ARPersistencySwiftUI/Preview Content\"";
				DEVELOPMENT_TEAM = 24H428V334;
				ENABLE_PREVIEWS = YES;
				GENERATE_INFOPLIST_FILE = YES;
				INFOPLIST_KEY_NSCameraUsageDescription = "";
				INFOPLIST_KEY_UIApplicationSupportsIndirectInputEvents = YES;
				INFOPLIST_KEY_UILaunchScreen_Generation = YES;
				INFOPLIST_KEY_UIRequiredDeviceCapabilities = arkit;
				INFOPLIST_KEY_UIStatusBarHidden = YES;
				INFOPLIST_KEY_UISupportedInterfaceOrientations = "UIInterfaceOrientationLandscapeLeft UIInterfaceOrientationLandscapeRight UIInterfaceOrientationPortrait UIInterfaceOrientationPortraitUpsideDown";
				LD_RUNPATH_SEARCH_PATHS = (
					"$(inherited)",
					"@executable_path/Frameworks",
				);
				MARKETING_VERSION = 1.0;
				PRODUCT_BUNDLE_IDENTIFIER = com.josecastillo.ARPersistencySwiftUI;
				PRODUCT_NAME = "$(TARGET_NAME)";
				SWIFT_EMIT_LOC_STRINGS = YES;
				SWIFT_VERSION = 5.0;
				TARGETED_DEVICE_FAMILY = "1,2";
			};
			name = Release;
		};
/* End XCBuildConfiguration section */

/* Begin XCConfigurationList section */
		FCB1BEF329946D28000EDF28 /* Build configuration list for PBXProject "ARPersistencySwiftUI" */ = {
			isa = XCConfigurationList;
			buildConfigurations = (
				FCB1BF0629946D2A000EDF28 /* Debug */,
				FCB1BF0729946D2A000EDF28 /* Release */,
			);
			defaultConfigurationIsVisible = 0;
			defaultConfigurationName = Release;
		};
		FCB1BF0829946D2A000EDF28 /* Build configuration list for PBXNativeTarget "ARPersistencySwiftUI" */ = {
			isa = XCConfigurationList;
			buildConfigurations = (
				FCB1BF0929946D2A000EDF28 /* Debug */,
				FCB1BF0A29946D2A000EDF28 /* Release */,
			);
			defaultConfigurationIsVisible = 0;
			defaultConfigurationName = Release;
		};
/* End XCConfigurationList section */

/* Begin XCVersionGroup section */
		FC11653D299B527000FE2FAF /* CoreData.xcdatamodeld */ = {
			isa = XCVersionGroup;
			children = (
				FC11653E299B527000FE2FAF /* CoreData.xcdatamodel */,
			);
			currentVersion = FC11653E299B527000FE2FAF /* CoreData.xcdatamodel */;
			name = CoreData.xcdatamodeld;
			path = ../CoreData.xcdatamodeld;
			sourceTree = "<group>";
			versionGroupType = wrapper.xcdatamodel;
		};
/* End XCVersionGroup section */
	};
	rootObject = FCB1BEF029946D28000EDF28 /* Project object */;
}
